// !$*UTF8*$!
{
	archiveVersion = 1;
	classes = {
	};
	objectVersion = 56;
	objects = {

/* Begin PBXBuildFile section */
		6427CB772AB61E1900773915 /* UIStackView + Ex.swift in Sources */ = {isa = PBXBuildFile; fileRef = 6427CB762AB61E1900773915 /* UIStackView + Ex.swift */; };
		6428D0CA2ABBBC1400C2E963 /* Localizable.strings in Resources */ = {isa = PBXBuildFile; fileRef = 6428D0CC2ABBBC1400C2E963 /* Localizable.strings */; };
		6428D0CF2ABBBCA600C2E963 /* String + Ex.swift in Sources */ = {isa = PBXBuildFile; fileRef = 6428D0CE2ABBBCA600C2E963 /* String + Ex.swift */; };
		644D41222AA74EED00FEDB2F /* UIView + Ex.swift in Sources */ = {isa = PBXBuildFile; fileRef = 644D41212AA74EED00FEDB2F /* UIView + Ex.swift */; };
		6459AE282AA5E64700C1FC42 /* AppDelegate.swift in Sources */ = {isa = PBXBuildFile; fileRef = 6459AE272AA5E64700C1FC42 /* AppDelegate.swift */; };
		6459AE2C2AA5E64700C1FC42 /* GeneralViewController.swift in Sources */ = {isa = PBXBuildFile; fileRef = 6459AE2B2AA5E64700C1FC42 /* GeneralViewController.swift */; };
		6459AE312AA5E64800C1FC42 /* Assets.xcassets in Resources */ = {isa = PBXBuildFile; fileRef = 6459AE302AA5E64800C1FC42 /* Assets.xcassets */; };
		6459AE342AA5E64800C1FC42 /* LaunchScreen.storyboard in Resources */ = {isa = PBXBuildFile; fileRef = 6459AE322AA5E64800C1FC42 /* LaunchScreen.storyboard */; };
		6459AE3D2AA5E72800C1FC42 /* SnapKit in Frameworks */ = {isa = PBXBuildFile; productRef = 6459AE3C2AA5E72800C1FC42 /* SnapKit */; };
		6459AE3F2AA5E77B00C1FC42 /* TabBarController.swift in Sources */ = {isa = PBXBuildFile; fileRef = 6459AE3E2AA5E77B00C1FC42 /* TabBarController.swift */; };
		6459AE412AA5EA2700C1FC42 /* HistoryViewController.swift in Sources */ = {isa = PBXBuildFile; fileRef = 6459AE402AA5EA2700C1FC42 /* HistoryViewController.swift */; };
		64D04C002AAC98BE00311675 /* Model.xcdatamodeld in Sources */ = {isa = PBXBuildFile; fileRef = 64D04BFE2AAC98BE00311675 /* Model.xcdatamodeld */; };
		64D04C0F2AACA3E900311675 /* TransactionEntity+CoreDataClass.swift in Sources */ = {isa = PBXBuildFile; fileRef = 64D04C0D2AACA3E900311675 /* TransactionEntity+CoreDataClass.swift */; };
		64D04C102AACA3E900311675 /* TransactionEntity+CoreDataProperties.swift in Sources */ = {isa = PBXBuildFile; fileRef = 64D04C0E2AACA3E900311675 /* TransactionEntity+CoreDataProperties.swift */; };
		64D20F6C2AACA5A8001ED43A /* TransactionPersistent.swift in Sources */ = {isa = PBXBuildFile; fileRef = 64D20F6B2AACA5A8001ED43A /* TransactionPersistent.swift */; };
		64D20F6E2AACEB6C001ED43A /* Date + Ex.swift in Sources */ = {isa = PBXBuildFile; fileRef = 64D20F6D2AACEB6C001ED43A /* Date + Ex.swift */; };
		64D9EBCE2AAE5892001C9344 /* UIColor + Ex.swift in Sources */ = {isa = PBXBuildFile; fileRef = 64D9EBCD2AAE5892001C9344 /* UIColor + Ex.swift */; };
		64EC94082AAB3A6F008996A1 /* Transaction.swift in Sources */ = {isa = PBXBuildFile; fileRef = 64EC94072AAB3A6F008996A1 /* Transaction.swift */; };
		64EC940A2AAB3B9C008996A1 /* TransactionsList.swift in Sources */ = {isa = PBXBuildFile; fileRef = 64EC94092AAB3B9C008996A1 /* TransactionsList.swift */; };
		64EC940D2AAB3D63008996A1 /* TransactionTableViewCell.swift in Sources */ = {isa = PBXBuildFile; fileRef = 64EC940C2AAB3D63008996A1 /* TransactionTableViewCell.swift */; };
/* End PBXBuildFile section */

/* Begin PBXFileReference section */
		6427CB762AB61E1900773915 /* UIStackView + Ex.swift */ = {isa = PBXFileReference; lastKnownFileType = sourcecode.swift; path = "UIStackView + Ex.swift"; sourceTree = "<group>"; };
		6428D0CB2ABBBC1400C2E963 /* en */ = {isa = PBXFileReference; lastKnownFileType = text.plist.strings; name = en; path = en.lproj/Localizable.strings; sourceTree = "<group>"; };
		6428D0CD2ABBBC3E00C2E963 /* ru */ = {isa = PBXFileReference; lastKnownFileType = text.plist.strings; name = ru; path = ru.lproj/Localizable.strings; sourceTree = "<group>"; };
		6428D0CE2ABBBCA600C2E963 /* String + Ex.swift */ = {isa = PBXFileReference; lastKnownFileType = sourcecode.swift; path = "String + Ex.swift"; sourceTree = "<group>"; };
		644D41212AA74EED00FEDB2F /* UIView + Ex.swift */ = {isa = PBXFileReference; lastKnownFileType = sourcecode.swift; path = "UIView + Ex.swift"; sourceTree = "<group>"; };
		6459AE242AA5E64700C1FC42 /* CashBuddy.app */ = {isa = PBXFileReference; explicitFileType = wrapper.application; includeInIndex = 0; path = CashBuddy.app; sourceTree = BUILT_PRODUCTS_DIR; };
		6459AE272AA5E64700C1FC42 /* AppDelegate.swift */ = {isa = PBXFileReference; lastKnownFileType = sourcecode.swift; path = AppDelegate.swift; sourceTree = "<group>"; };
		6459AE2B2AA5E64700C1FC42 /* GeneralViewController.swift */ = {isa = PBXFileReference; lastKnownFileType = sourcecode.swift; path = GeneralViewController.swift; sourceTree = "<group>"; };
		6459AE302AA5E64800C1FC42 /* Assets.xcassets */ = {isa = PBXFileReference; lastKnownFileType = folder.assetcatalog; path = Assets.xcassets; sourceTree = "<group>"; };
		6459AE332AA5E64800C1FC42 /* Base */ = {isa = PBXFileReference; lastKnownFileType = file.storyboard; name = Base; path = Base.lproj/LaunchScreen.storyboard; sourceTree = "<group>"; };
		6459AE352AA5E64800C1FC42 /* Info.plist */ = {isa = PBXFileReference; lastKnownFileType = text.plist.xml; path = Info.plist; sourceTree = "<group>"; };
		6459AE3E2AA5E77B00C1FC42 /* TabBarController.swift */ = {isa = PBXFileReference; lastKnownFileType = sourcecode.swift; path = TabBarController.swift; sourceTree = "<group>"; };
		6459AE402AA5EA2700C1FC42 /* HistoryViewController.swift */ = {isa = PBXFileReference; lastKnownFileType = sourcecode.swift; path = HistoryViewController.swift; sourceTree = "<group>"; };
		64D04BFF2AAC98BE00311675 /* Model.xcdatamodel */ = {isa = PBXFileReference; lastKnownFileType = wrapper.xcdatamodel; path = Model.xcdatamodel; sourceTree = "<group>"; };
		64D04C0D2AACA3E900311675 /* TransactionEntity+CoreDataClass.swift */ = {isa = PBXFileReference; lastKnownFileType = sourcecode.swift; path = "TransactionEntity+CoreDataClass.swift"; sourceTree = "<group>"; };
		64D04C0E2AACA3E900311675 /* TransactionEntity+CoreDataProperties.swift */ = {isa = PBXFileReference; lastKnownFileType = sourcecode.swift; path = "TransactionEntity+CoreDataProperties.swift"; sourceTree = "<group>"; };
		64D20F6B2AACA5A8001ED43A /* TransactionPersistent.swift */ = {isa = PBXFileReference; lastKnownFileType = sourcecode.swift; path = TransactionPersistent.swift; sourceTree = "<group>"; };
		64D20F6D2AACEB6C001ED43A /* Date + Ex.swift */ = {isa = PBXFileReference; lastKnownFileType = sourcecode.swift; path = "Date + Ex.swift"; sourceTree = "<group>"; };
		64D9EBCD2AAE5892001C9344 /* UIColor + Ex.swift */ = {isa = PBXFileReference; lastKnownFileType = sourcecode.swift; path = "UIColor + Ex.swift"; sourceTree = "<group>"; };
		64EC94072AAB3A6F008996A1 /* Transaction.swift */ = {isa = PBXFileReference; lastKnownFileType = sourcecode.swift; path = Transaction.swift; sourceTree = "<group>"; };
		64EC94092AAB3B9C008996A1 /* TransactionsList.swift */ = {isa = PBXFileReference; lastKnownFileType = sourcecode.swift; path = TransactionsList.swift; sourceTree = "<group>"; };
		64EC940C2AAB3D63008996A1 /* TransactionTableViewCell.swift */ = {isa = PBXFileReference; lastKnownFileType = sourcecode.swift; path = TransactionTableViewCell.swift; sourceTree = "<group>"; };
/* End PBXFileReference section */

/* Begin PBXFrameworksBuildPhase section */
		6459AE212AA5E64700C1FC42 /* Frameworks */ = {
			isa = PBXFrameworksBuildPhase;
			buildActionMask = 2147483647;
			files = (
				6459AE3D2AA5E72800C1FC42 /* SnapKit in Frameworks */,
			);
			runOnlyForDeploymentPostprocessing = 0;
		};
/* End PBXFrameworksBuildPhase section */

/* Begin PBXGroup section */
		6407FB702AA773460046691A /* General */ = {
			isa = PBXGroup;
			children = (
				64EC94062AAB3A48008996A1 /* Models */,
				64EC94042AAB3A2E008996A1 /* Controller */,
			);
			path = General;
			sourceTree = "<group>";
		};
		6407FB712AA7734B0046691A /* History */ = {
			isa = PBXGroup;
			children = (
				64EC940B2AAB3D4C008996A1 /* View */,
				64EC94052AAB3A36008996A1 /* Controller */,
			);
			path = History;
			sourceTree = "<group>";
		};
		644D41232AA74EEF00FEDB2F /* Extensions */ = {
			isa = PBXGroup;
			children = (
				644D41212AA74EED00FEDB2F /* UIView + Ex.swift */,
				6427CB762AB61E1900773915 /* UIStackView + Ex.swift */,
				64D20F6D2AACEB6C001ED43A /* Date + Ex.swift */,
				6428D0CE2ABBBCA600C2E963 /* String + Ex.swift */,
				64D9EBCD2AAE5892001C9344 /* UIColor + Ex.swift */,
			);
			path = Extensions;
			sourceTree = "<group>";
		};
		6459AE1B2AA5E64700C1FC42 = {
			isa = PBXGroup;
			children = (
				6459AE262AA5E64700C1FC42 /* CashBuddy */,
				6459AE252AA5E64700C1FC42 /* Products */,
			);
			sourceTree = "<group>";
		};
		6459AE252AA5E64700C1FC42 /* Products */ = {
			isa = PBXGroup;
			children = (
				6459AE242AA5E64700C1FC42 /* CashBuddy.app */,
			);
			name = Products;
			sourceTree = "<group>";
		};
		6459AE262AA5E64700C1FC42 /* CashBuddy */ = {
			isa = PBXGroup;
			children = (
				64D9EBCC2AAE550D001C9344 /* Application */,
				6407FB702AA773460046691A /* General */,
				6407FB712AA7734B0046691A /* History */,
				64D04BFD2AAC987800311675 /* CoreData */,
				644D41232AA74EEF00FEDB2F /* Extensions */,
				645DF1132AB85FAC000018E7 /* Resources */,
			);
			path = CashBuddy;
			sourceTree = "<group>";
		};
		645DF1132AB85FAC000018E7 /* Resources */ = {
			isa = PBXGroup;
			children = (
				6459AE322AA5E64800C1FC42 /* LaunchScreen.storyboard */,
				6459AE302AA5E64800C1FC42 /* Assets.xcassets */,
				6459AE352AA5E64800C1FC42 /* Info.plist */,
				6428D0CC2ABBBC1400C2E963 /* Localizable.strings */,
			);
			path = Resources;
			sourceTree = "<group>";
		};
		64D04BFD2AAC987800311675 /* CoreData */ = {
			isa = PBXGroup;
			children = (
				64D04BFE2AAC98BE00311675 /* Model.xcdatamodeld */,
				64D04C0E2AACA3E900311675 /* TransactionEntity+CoreDataProperties.swift */,
				64D04C0D2AACA3E900311675 /* TransactionEntity+CoreDataClass.swift */,
				64D20F6B2AACA5A8001ED43A /* TransactionPersistent.swift */,
			);
			path = CoreData;
			sourceTree = "<group>";
		};
		64D9EBCC2AAE550D001C9344 /* Application */ = {
			isa = PBXGroup;
			children = (
				6459AE272AA5E64700C1FC42 /* AppDelegate.swift */,
				6459AE3E2AA5E77B00C1FC42 /* TabBarController.swift */,
			);
			path = Application;
			sourceTree = "<group>";
		};
		64EC94042AAB3A2E008996A1 /* Controller */ = {
			isa = PBXGroup;
			children = (
				6459AE2B2AA5E64700C1FC42 /* GeneralViewController.swift */,
			);
			path = Controller;
			sourceTree = "<group>";
		};
		64EC94052AAB3A36008996A1 /* Controller */ = {
			isa = PBXGroup;
			children = (
				6459AE402AA5EA2700C1FC42 /* HistoryViewController.swift */,
			);
			path = Controller;
			sourceTree = "<group>";
		};
		64EC94062AAB3A48008996A1 /* Models */ = {
			isa = PBXGroup;
			children = (
				64EC94072AAB3A6F008996A1 /* Transaction.swift */,
				64EC94092AAB3B9C008996A1 /* TransactionsList.swift */,
			);
			path = Models;
			sourceTree = "<group>";
		};
		64EC940B2AAB3D4C008996A1 /* View */ = {
			isa = PBXGroup;
			children = (
				64EC940C2AAB3D63008996A1 /* TransactionTableViewCell.swift */,
			);
			path = View;
			sourceTree = "<group>";
		};
/* End PBXGroup section */

/* Begin PBXNativeTarget section */
		6459AE232AA5E64700C1FC42 /* CashBuddy */ = {
			isa = PBXNativeTarget;
			buildConfigurationList = 6459AE382AA5E64800C1FC42 /* Build configuration list for PBXNativeTarget "CashBuddy" */;
			buildPhases = (
				6459AE202AA5E64700C1FC42 /* Sources */,
				6459AE212AA5E64700C1FC42 /* Frameworks */,
				6459AE222AA5E64700C1FC42 /* Resources */,
			);
			buildRules = (
			);
			dependencies = (
			);
			name = CashBuddy;
			packageProductDependencies = (
				6459AE3C2AA5E72800C1FC42 /* SnapKit */,
			);
			productName = FinanceAppSviat;
			productReference = 6459AE242AA5E64700C1FC42 /* CashBuddy.app */;
			productType = "com.apple.product-type.application";
		};
/* End PBXNativeTarget section */

/* Begin PBXProject section */
		6459AE1C2AA5E64700C1FC42 /* Project object */ = {
			isa = PBXProject;
			attributes = {
				BuildIndependentTargetsInParallel = 1;
				LastSwiftUpdateCheck = 1430;
				LastUpgradeCheck = 1500;
				TargetAttributes = {
					6459AE232AA5E64700C1FC42 = {
						CreatedOnToolsVersion = 14.3.1;
					};
				};
			};
			buildConfigurationList = 6459AE1F2AA5E64700C1FC42 /* Build configuration list for PBXProject "CashBuddy" */;
			compatibilityVersion = "Xcode 14.0";
			developmentRegion = en;
			hasScannedForEncodings = 0;
			knownRegions = (
				en,
				Base,
				ru,
			);
			mainGroup = 6459AE1B2AA5E64700C1FC42;
			packageReferences = (
				6459AE3B2AA5E72800C1FC42 /* XCRemoteSwiftPackageReference "Snapkit" */,
			);
			productRefGroup = 6459AE252AA5E64700C1FC42 /* Products */;
			projectDirPath = "";
			projectRoot = "";
			targets = (
				6459AE232AA5E64700C1FC42 /* CashBuddy */,
			);
		};
/* End PBXProject section */

/* Begin PBXResourcesBuildPhase section */
		6459AE222AA5E64700C1FC42 /* Resources */ = {
			isa = PBXResourcesBuildPhase;
			buildActionMask = 2147483647;
			files = (
				6459AE342AA5E64800C1FC42 /* LaunchScreen.storyboard in Resources */,
				6428D0CA2ABBBC1400C2E963 /* Localizable.strings in Resources */,
				6459AE312AA5E64800C1FC42 /* Assets.xcassets in Resources */,
			);
			runOnlyForDeploymentPostprocessing = 0;
		};
/* End PBXResourcesBuildPhase section */

/* Begin PBXSourcesBuildPhase section */
		6459AE202AA5E64700C1FC42 /* Sources */ = {
			isa = PBXSourcesBuildPhase;
			buildActionMask = 2147483647;
			files = (
				644D41222AA74EED00FEDB2F /* UIView + Ex.swift in Sources */,
				64D04C102AACA3E900311675 /* TransactionEntity+CoreDataProperties.swift in Sources */,
				6459AE412AA5EA2700C1FC42 /* HistoryViewController.swift in Sources */,
				64EC940D2AAB3D63008996A1 /* TransactionTableViewCell.swift in Sources */,
				64D9EBCE2AAE5892001C9344 /* UIColor + Ex.swift in Sources */,
				64D20F6E2AACEB6C001ED43A /* Date + Ex.swift in Sources */,
				64EC94082AAB3A6F008996A1 /* Transaction.swift in Sources */,
				6459AE3F2AA5E77B00C1FC42 /* TabBarController.swift in Sources */,
				64D04C002AAC98BE00311675 /* Model.xcdatamodeld in Sources */,
				6459AE2C2AA5E64700C1FC42 /* GeneralViewController.swift in Sources */,
				6427CB772AB61E1900773915 /* UIStackView + Ex.swift in Sources */,
				64EC940A2AAB3B9C008996A1 /* TransactionsList.swift in Sources */,
				64D20F6C2AACA5A8001ED43A /* TransactionPersistent.swift in Sources */,
				6428D0CF2ABBBCA600C2E963 /* String + Ex.swift in Sources */,
				6459AE282AA5E64700C1FC42 /* AppDelegate.swift in Sources */,
				64D04C0F2AACA3E900311675 /* TransactionEntity+CoreDataClass.swift in Sources */,
			);
			runOnlyForDeploymentPostprocessing = 0;
		};
/* End PBXSourcesBuildPhase section */

/* Begin PBXVariantGroup section */
		6428D0CC2ABBBC1400C2E963 /* Localizable.strings */ = {
			isa = PBXVariantGroup;
			children = (
				6428D0CB2ABBBC1400C2E963 /* en */,
				6428D0CD2ABBBC3E00C2E963 /* ru */,
			);
			name = Localizable.strings;
			sourceTree = "<group>";
		};
		6459AE322AA5E64800C1FC42 /* LaunchScreen.storyboard */ = {
			isa = PBXVariantGroup;
			children = (
				6459AE332AA5E64800C1FC42 /* Base */,
			);
			name = LaunchScreen.storyboard;
			sourceTree = "<group>";
		};
/* End PBXVariantGroup section */

/* Begin XCBuildConfiguration section */
		6459AE362AA5E64800C1FC42 /* Debug */ = {
			isa = XCBuildConfiguration;
			buildSettings = {
				ALWAYS_SEARCH_USER_PATHS = NO;
				CLANG_ANALYZER_LOCALIZABILITY_NONLOCALIZED = YES;
				CLANG_ANALYZER_NONNULL = YES;
				CLANG_ANALYZER_NUMBER_OBJECT_CONVERSION = YES_AGGRESSIVE;
				CLANG_CXX_LANGUAGE_STANDARD = "gnu++20";
				CLANG_ENABLE_MODULES = YES;
				CLANG_ENABLE_OBJC_ARC = YES;
				CLANG_ENABLE_OBJC_WEAK = YES;
				CLANG_WARN_BLOCK_CAPTURE_AUTORELEASING = YES;
				CLANG_WARN_BOOL_CONVERSION = YES;
				CLANG_WARN_COMMA = YES;
				CLANG_WARN_CONSTANT_CONVERSION = YES;
				CLANG_WARN_DEPRECATED_OBJC_IMPLEMENTATIONS = YES;
				CLANG_WARN_DIRECT_OBJC_ISA_USAGE = YES_ERROR;
				CLANG_WARN_DOCUMENTATION_COMMENTS = YES;
				CLANG_WARN_EMPTY_BODY = YES;
				CLANG_WARN_ENUM_CONVERSION = YES;
				CLANG_WARN_INFINITE_RECURSION = YES;
				CLANG_WARN_INT_CONVERSION = YES;
				CLANG_WARN_NON_LITERAL_NULL_CONVERSION = YES;
				CLANG_WARN_OBJC_IMPLICIT_RETAIN_SELF = YES;
				CLANG_WARN_OBJC_LITERAL_CONVERSION = YES;
				CLANG_WARN_OBJC_ROOT_CLASS = YES_ERROR;
				CLANG_WARN_QUOTED_INCLUDE_IN_FRAMEWORK_HEADER = YES;
				CLANG_WARN_RANGE_LOOP_ANALYSIS = YES;
				CLANG_WARN_STRICT_PROTOTYPES = YES;
				CLANG_WARN_SUSPICIOUS_MOVE = YES;
				CLANG_WARN_UNGUARDED_AVAILABILITY = YES_AGGRESSIVE;
				CLANG_WARN_UNREACHABLE_CODE = YES;
				CLANG_WARN__DUPLICATE_METHOD_MATCH = YES;
				COPY_PHASE_STRIP = NO;
				DEBUG_INFORMATION_FORMAT = dwarf;
				ENABLE_STRICT_OBJC_MSGSEND = YES;
				ENABLE_TESTABILITY = YES;
				ENABLE_USER_SCRIPT_SANDBOXING = YES;
				GCC_C_LANGUAGE_STANDARD = gnu11;
				GCC_DYNAMIC_NO_PIC = NO;
				GCC_NO_COMMON_BLOCKS = YES;
				GCC_OPTIMIZATION_LEVEL = 0;
				GCC_PREPROCESSOR_DEFINITIONS = (
					"DEBUG=1",
					"$(inherited)",
				);
				GCC_WARN_64_TO_32_BIT_CONVERSION = YES;
				GCC_WARN_ABOUT_RETURN_TYPE = YES_ERROR;
				GCC_WARN_UNDECLARED_SELECTOR = YES;
				GCC_WARN_UNINITIALIZED_AUTOS = YES_AGGRESSIVE;
				GCC_WARN_UNUSED_FUNCTION = YES;
				GCC_WARN_UNUSED_VARIABLE = YES;
				IPHONEOS_DEPLOYMENT_TARGET = 15.0;
				MTL_ENABLE_DEBUG_INFO = INCLUDE_SOURCE;
				MTL_FAST_MATH = YES;
				ONLY_ACTIVE_ARCH = YES;
				SDKROOT = iphoneos;
				SWIFT_ACTIVE_COMPILATION_CONDITIONS = DEBUG;
				SWIFT_OPTIMIZATION_LEVEL = "-Onone";
			};
			name = Debug;
		};
		6459AE372AA5E64800C1FC42 /* Release */ = {
			isa = XCBuildConfiguration;
			buildSettings = {
				ALWAYS_SEARCH_USER_PATHS = NO;
				CLANG_ANALYZER_LOCALIZABILITY_NONLOCALIZED = YES;
				CLANG_ANALYZER_NONNULL = YES;
				CLANG_ANALYZER_NUMBER_OBJECT_CONVERSION = YES_AGGRESSIVE;
				CLANG_CXX_LANGUAGE_STANDARD = "gnu++20";
				CLANG_ENABLE_MODULES = YES;
				CLANG_ENABLE_OBJC_ARC = YES;
				CLANG_ENABLE_OBJC_WEAK = YES;
				CLANG_WARN_BLOCK_CAPTURE_AUTORELEASING = YES;
				CLANG_WARN_BOOL_CONVERSION = YES;
				CLANG_WARN_COMMA = YES;
				CLANG_WARN_CONSTANT_CONVERSION = YES;
				CLANG_WARN_DEPRECATED_OBJC_IMPLEMENTATIONS = YES;
				CLANG_WARN_DIRECT_OBJC_ISA_USAGE = YES_ERROR;
				CLANG_WARN_DOCUMENTATION_COMMENTS = YES;
				CLANG_WARN_EMPTY_BODY = YES;
				CLANG_WARN_ENUM_CONVERSION = YES;
				CLANG_WARN_INFINITE_RECURSION = YES;
				CLANG_WARN_INT_CONVERSION = YES;
				CLANG_WARN_NON_LITERAL_NULL_CONVERSION = YES;
				CLANG_WARN_OBJC_IMPLICIT_RETAIN_SELF = YES;
				CLANG_WARN_OBJC_LITERAL_CONVERSION = YES;
				CLANG_WARN_OBJC_ROOT_CLASS = YES_ERROR;
				CLANG_WARN_QUOTED_INCLUDE_IN_FRAMEWORK_HEADER = YES;
				CLANG_WARN_RANGE_LOOP_ANALYSIS = YES;
				CLANG_WARN_STRICT_PROTOTYPES = YES;
				CLANG_WARN_SUSPICIOUS_MOVE = YES;
				CLANG_WARN_UNGUARDED_AVAILABILITY = YES_AGGRESSIVE;
				CLANG_WARN_UNREACHABLE_CODE = YES;
				CLANG_WARN__DUPLICATE_METHOD_MATCH = YES;
				COPY_PHASE_STRIP = NO;
				DEBUG_INFORMATION_FORMAT = "dwarf-with-dsym";
				ENABLE_NS_ASSERTIONS = NO;
				ENABLE_STRICT_OBJC_MSGSEND = YES;
				ENABLE_USER_SCRIPT_SANDBOXING = YES;
				GCC_C_LANGUAGE_STANDARD = gnu11;
				GCC_NO_COMMON_BLOCKS = YES;
				GCC_WARN_64_TO_32_BIT_CONVERSION = YES;
				GCC_WARN_ABOUT_RETURN_TYPE = YES_ERROR;
				GCC_WARN_UNDECLARED_SELECTOR = YES;
				GCC_WARN_UNINITIALIZED_AUTOS = YES_AGGRESSIVE;
				GCC_WARN_UNUSED_FUNCTION = YES;
				GCC_WARN_UNUSED_VARIABLE = YES;
				IPHONEOS_DEPLOYMENT_TARGET = 15.0;
				MTL_ENABLE_DEBUG_INFO = NO;
				MTL_FAST_MATH = YES;
				SDKROOT = iphoneos;
				SWIFT_COMPILATION_MODE = wholemodule;
				SWIFT_OPTIMIZATION_LEVEL = "-O";
				VALIDATE_PRODUCT = YES;
			};
			name = Release;
		};
		6459AE392AA5E64800C1FC42 /* Debug */ = {
			isa = XCBuildConfiguration;
			buildSettings = {
				ASSETCATALOG_COMPILER_APPICON_NAME = AppIcon;
				ASSETCATALOG_COMPILER_GLOBAL_ACCENT_COLOR_NAME = AccentColor;
				CODE_SIGN_STYLE = Automatic;
				CURRENT_PROJECT_VERSION = 1;
				DEVELOPMENT_TEAM = MQAY62GC84;
				GENERATE_INFOPLIST_FILE = YES;
				INFOPLIST_FILE = CashBuddy/Resources/Info.plist;
				INFOPLIST_KEY_CFBundleDisplayName = CashBuddy;
				INFOPLIST_KEY_UIApplicationSupportsIndirectInputEvents = YES;
				INFOPLIST_KEY_UILaunchStoryboardName = LaunchScreen.storyboard;
				INFOPLIST_KEY_UIStatusBarStyle = UIStatusBarStyleDarkContent;
				INFOPLIST_KEY_UISupportedInterfaceOrientations = UIInterfaceOrientationPortrait;
				INFOPLIST_KEY_UISupportedInterfaceOrientations_iPad = "UIInterfaceOrientationLandscapeLeft UIInterfaceOrientationLandscapeRight UIInterfaceOrientationPortrait UIInterfaceOrientationPortraitUpsideDown";
				IPHONEOS_DEPLOYMENT_TARGET = 15.0;
				LD_RUNPATH_SEARCH_PATHS = (
					"$(inherited)",
					"@executable_path/Frameworks",
				);
				MARKETING_VERSION = 1.0;
				PRODUCT_BUNDLE_IDENTIFIER = "Saint-Product.CashBuddy";
				PRODUCT_NAME = "$(TARGET_NAME)";
				SUPPORTED_PLATFORMS = "iphoneos iphonesimulator";
				SUPPORTS_MACCATALYST = NO;
				SUPPORTS_MAC_DESIGNED_FOR_IPHONE_IPAD = NO;
				SWIFT_EMIT_LOC_STRINGS = YES;
				SWIFT_VERSION = 5.0;
				TARGETED_DEVICE_FAMILY = 1;
			};
			name = Debug;
		};
		6459AE3A2AA5E64800C1FC42 /* Release */ = {
			isa = XCBuildConfiguration;
			buildSettings = {
				ASSETCATALOG_COMPILER_APPICON_NAME = AppIcon;
				ASSETCATALOG_COMPILER_GLOBAL_ACCENT_COLOR_NAME = AccentColor;
				CODE_SIGN_STYLE = Automatic;
				CURRENT_PROJECT_VERSION = 1;
				DEVELOPMENT_TEAM = MQAY62GC84;
				GENERATE_INFOPLIST_FILE = YES;
				INFOPLIST_FILE = CashBuddy/Resources/Info.plist;
				INFOPLIST_KEY_CFBundleDisplayName = CashBuddy;
				INFOPLIST_KEY_UIApplicationSupportsIndirectInputEvents = YES;
				INFOPLIST_KEY_UILaunchStoryboardName = LaunchScreen.storyboard;
				INFOPLIST_KEY_UIStatusBarStyle = UIStatusBarStyleDarkContent;
				INFOPLIST_KEY_UISupportedInterfaceOrientations = UIInterfaceOrientationPortrait;
				INFOPLIST_KEY_UISupportedInterfaceOrientations_iPad = "UIInterfaceOrientationLandscapeLeft UIInterfaceOrientationLandscapeRight UIInterfaceOrientationPortrait UIInterfaceOrientationPortraitUpsideDown";
				IPHONEOS_DEPLOYMENT_TARGET = 15.0;
				LD_RUNPATH_SEARCH_PATHS = (
					"$(inherited)",
					"@executable_path/Frameworks",
				);
				MARKETING_VERSION = 1.0;
				PRODUCT_BUNDLE_IDENTIFIER = "Saint-Product.CashBuddy";
				PRODUCT_NAME = "$(TARGET_NAME)";
				SUPPORTED_PLATFORMS = "iphoneos iphonesimulator";
				SUPPORTS_MACCATALYST = NO;
				SUPPORTS_MAC_DESIGNED_FOR_IPHONE_IPAD = NO;
				SWIFT_EMIT_LOC_STRINGS = YES;
				SWIFT_VERSION = 5.0;
				TARGETED_DEVICE_FAMILY = 1;
			};
			name = Release;
		};
/* End XCBuildConfiguration section */

/* Begin XCConfigurationList section */
		6459AE1F2AA5E64700C1FC42 /* Build configuration list for PBXProject "CashBuddy" */ = {
			isa = XCConfigurationList;
			buildConfigurations = (
				6459AE362AA5E64800C1FC42 /* Debug */,
				6459AE372AA5E64800C1FC42 /* Release */,
			);
			defaultConfigurationIsVisible = 0;
			defaultConfigurationName = Release;
		};
		6459AE382AA5E64800C1FC42 /* Build configuration list for PBXNativeTarget "CashBuddy" */ = {
			isa = XCConfigurationList;
			buildConfigurations = (
				6459AE392AA5E64800C1FC42 /* Debug */,
				6459AE3A2AA5E64800C1FC42 /* Release */,
			);
			defaultConfigurationIsVisible = 0;
			defaultConfigurationName = Release;
		};
/* End XCConfigurationList section */

/* Begin XCRemoteSwiftPackageReference section */
		6459AE3B2AA5E72800C1FC42 /* XCRemoteSwiftPackageReference "Snapkit" */ = {
			isa = XCRemoteSwiftPackageReference;
			repositoryURL = "https://github.com/SnapKit/Snapkit";
			requirement = {
				branch = develop;
				kind = branch;
			};
		};
/* End XCRemoteSwiftPackageReference section */

/* Begin XCSwiftPackageProductDependency section */
		6459AE3C2AA5E72800C1FC42 /* SnapKit */ = {
			isa = XCSwiftPackageProductDependency;
			package = 6459AE3B2AA5E72800C1FC42 /* XCRemoteSwiftPackageReference "Snapkit" */;
			productName = SnapKit;
		};
/* End XCSwiftPackageProductDependency section */

/* Begin XCVersionGroup section */
		64D04BFE2AAC98BE00311675 /* Model.xcdatamodeld */ = {
			isa = XCVersionGroup;
			children = (
				64D04BFF2AAC98BE00311675 /* Model.xcdatamodel */,
			);
			currentVersion = 64D04BFF2AAC98BE00311675 /* Model.xcdatamodel */;
			path = Model.xcdatamodeld;
			sourceTree = "<group>";
			versionGroupType = wrapper.xcdatamodel;
		};
/* End XCVersionGroup section */
	};
	rootObject = 6459AE1C2AA5E64700C1FC42 /* Project object */;
}
